version = 1
revision = 3
requires-python = ">=3.11"

[[package]]
name = "gnureadline"
version = "8.2.13"
source = { registry = "https://pypi.org/simple" }
sdist = { url = "https://files.pythonhosted.org/packages/cb/92/20723aa239b9a8024e6f8358c789df8859ab1085a1ae106e5071727ad20f/gnureadline-8.2.13.tar.gz", hash = "sha256:c9b9e1e7ba99a80bb50c12027d6ce692574f77a65bf57bc97041cf81c0f49bd1", size = 3224991, upload-time = "2024-10-18T14:03:11.727Z" }
wheels = [
    { url = "https://files.pythonhosted.org/packages/ff/ad/a6c59fcdbc8173bc538dad042696b732d39bc8de95adb07664b124c07942/gnureadline-8.2.13-cp311-cp311-macosx_10_9_x86_64.whl", hash = "sha256:561a60b12f74ea7234036cc4fe558f3b46023be0dac5ed73541ece58cba2f88a", size = 160575, upload-time = "2024-10-18T14:03:37.655Z" },
    { url = "https://files.pythonhosted.org/packages/f7/9b/464929f1e81ba4ea4fafb033c38eefedc533b503d777e91ffa12751ad34e/gnureadline-8.2.13-cp311-cp311-macosx_11_0_arm64.whl", hash = "sha256:daa405028b9fe92bfbb93624e13e0674a242a1c5434b70ef61a04294502fdb65", size = 162528, upload-time = "2024-10-18T14:03:40.893Z" },
    { url = "https://files.pythonhosted.org/packages/19/88/c7465657d2c4c3e30794f15568e322d65389cc00d825627cc3d0f9b92d9a/gnureadline-8.2.13-cp311-cp311-manylinux_2_17_aarch64.manylinux2014_aarch64.whl", hash = "sha256:576dac060887adc6067ee9d23fb2f0031fb2b3e560e07a6c9e666e05f0473af7", size = 648274, upload-time = "2024-10-18T14:03:44.111Z" },
    { url = "https://files.pythonhosted.org/packages/bd/12/af62b7578f741f6af3120a44eb930aaa2f215c56f171068a0c8b7839245d/gnureadline-8.2.13-cp311-cp311-manylinux_2_17_x86_64.manylinux2014_x86_64.whl", hash = "sha256:10fcaf561bc4ed6ab7075ab3ead188a18faaf4e6e92d916f81a09c0a670ce906", size = 650934, upload-time = "2024-10-18T14:03:47.168Z" },
    { url = "https://files.pythonhosted.org/packages/68/bd/df8fd060e43efd3dbdd3b210bf558ce3ef854843cd093f910f4115ebe2e9/gnureadline-8.2.13-cp312-cp312-macosx_10_13_x86_64.whl", hash = "sha256:9c152a82613fa012ab4331bb9a0ffddb415e37561d376b910bf9e7d535607faf", size = 160504, upload-time = "2024-10-18T14:03:49.725Z" },
    { url = "https://files.pythonhosted.org/packages/97/ee/322e5340c8cdfa40e71bd0485a82404ad4cf9aed2260cca090f3c1a3a032/gnureadline-8.2.13-cp312-cp312-macosx_11_0_arm64.whl", hash = "sha256:85e362d2d0e85e45f0affae7bbfaf998b00167c55a78d31ee0f214de9ff429d2", size = 162380, upload-time = "2024-10-18T14:03:53.129Z" },
    { url = "https://files.pythonhosted.org/packages/92/64/ae5598fd1dbf7de863cd7066798fe882f2e9b5dcdb49f8ad859e736c2212/gnureadline-8.2.13-cp312-cp312-manylinux_2_17_aarch64.manylinux2014_aarch64.whl", hash = "sha256:b69e6608cc94e110018b721a11718d480a6330e0b62cbab65a22880e84011205", size = 648192, upload-time = "2024-10-18T14:03:55.991Z" },
    { url = "https://files.pythonhosted.org/packages/08/d3/1face508173298b6d4d9f96ad4e408bcbdea704c583646e41d0aa6826385/gnureadline-8.2.13-cp312-cp312-manylinux_2_17_x86_64.manylinux2014_x86_64.whl", hash = "sha256:0cc77fc9c8a8fcf10e0a554e49ee763219683386b8f906b7e6ef07c9e40e8420", size = 651945, upload-time = "2024-10-18T14:03:58.989Z" },
    { url = "https://files.pythonhosted.org/packages/a1/b0/4a3c55a05b4c1c240fd6dc204ff597432008c4649ce500688a2441d27cf4/gnureadline-8.2.13-cp313-cp313-macosx_10_13_x86_64.whl", hash = "sha256:2d3e33d2e0dd694d623a2ca1fae6990b52f1d25955504b7293a9350fb9912940", size = 160646, upload-time = "2024-10-18T14:04:00.723Z" },
    { url = "https://files.pythonhosted.org/packages/3a/41/8821db40f2b0dd9cc935d6838bc63776fb5bfb1df092f8d4698ec29ada6a/gnureadline-8.2.13-cp313-cp313-macosx_11_0_arm64.whl", hash = "sha256:6c550d08c4d2882a83293a724b14a262ee5078fd4fa7acdc78aa59cab26ae343", size = 162630, upload-time = "2024-10-18T14:04:02.711Z" },
    { url = "https://files.pythonhosted.org/packages/16/8e/9f716757f875dfea0c9f5a323e103eec8a546e650a37c7f133a9b86c2c8f/gnureadline-8.2.13-cp313-cp313-manylinux_2_17_aarch64.manylinux2014_aarch64.whl", hash = "sha256:a7d6e3f5d9fd0cf8a84fb382d4e3ad2914331be4d929f17d50da01f1571c4b03", size = 650930, upload-time = "2024-10-18T14:04:05.539Z" },
    { url = "https://files.pythonhosted.org/packages/ee/2c/29cc2b99b9c7f49041edefe3c051c566e60080631dd4241cae269a2f067b/gnureadline-8.2.13-cp313-cp313-manylinux_2_17_x86_64.manylinux2014_x86_64.whl", hash = "sha256:f59275168cae1b02ca1ec7586a9804bb04ce427df92f8582a80d16e96c846b78", size = 654619, upload-time = "2024-10-18T14:04:07.604Z" },
]

[[package]]
name = "santree"
version = "0.1.0"
source = { editable = "." }
dependencies = [
    { name = "gnureadline" },
]

[package.metadata]
requires-dist = [{ name = "gnureadline", specifier = ">=8.2.13" }]
